
Microsoft Visual Studio Solution File, Format Version 12.00
# Visual Studio Version 17
VisualStudioVersion = 17.11.35312.102
MinimumVisualStudioVersion = 10.0.40219.1
Project("{FAE04EC0-301F-11D3-BF4B-00C04F79EFBC}") = "lightBulb", "lightBulb.csproj", "{AC44FAFD-D0BF-4CC9-98AC-3125430CF687}"
EndProject
Global
	GlobalSection(SolutionConfigurationPlatforms) = preSolution
		Debug|Any CPU = Debug|Any CPU
		Release|Any CPU = Release|Any CPU
	EndGlobalSection
	GlobalSection(ProjectConfigurationPlatforms) = postSolution
		{AC44FAFD-D0BF-4CC9-98AC-3125430CF687}.Debug|Any CPU.ActiveCfg = Debug|Any CPU
		{AC44FAFD-D0BF-4CC9-98AC-3125430CF687}.Debug|Any CPU.Build.0 = Debug|Any CPU
		{AC44FAFD-D0BF-4CC9-98AC-3125430CF687}.Release|Any CPU.ActiveCfg = Release|Any CPU
		{AC44FAFD-D0BF-4CC9-98AC-3125430CF687}.Release|Any CPU.Build.0 = Release|Any CPU
	EndGlobalSection
	GlobalSection(SolutionProperties) = preSolution
		HideSolutionNode = FALSE
	EndGlobalSection
	GlobalSection(ExtensibilityGlobals) = postSolution
		SolutionGuid = {19EAF8A3-D8CE-4BE9-8563-B7C06E17BD84}
	EndGlobalSection
EndGlobal
